
Microsoft Visual Studio Solution File, Format Version 12.00
# Visual Studio Version 17
VisualStudioVersion = 17.1.31911.260
MinimumVisualStudioVersion = 10.0.40219.1
Project("{9A19103F-16F7-4668-BE54-9A1E7A4F7556}") = "ScriptingTest", "ScriptingTest\ScriptingTest.csproj", "{B8DB9566-79D5-4769-B2B0-0057BC9EA4E5}"
EndProject
Project("{9A19103F-16F7-4668-BE54-9A1E7A4F7556}") = "TestingSpans", "TestingSpans\TestingSpans.csproj", "{BB9FE71E-D9DC-4C60-8548-62843428B21C}"
EndProject
Project("{9A19103F-16F7-4668-BE54-9A1E7A4F7556}") = "TestingEFCoreContextPooling", "TestingEFCoreContextPooling\TestingEFCoreContextPooling.csproj", "{15C501CF-C69C-44A1-80D6-28EA56BAC1AA}"
EndProject
Project("{9A19103F-16F7-4668-BE54-9A1E7A4F7556}") = "SimpleDbContextPooling", "SimpleDbContextPooling\SimpleDbContextPooling.csproj", "{12337AC4-EBDE-41DE-97DE-05CCF4618375}"
EndProject
Project("{2150E333-8FDC-42A3-9474-1A3956D46DE8}") = "Databases", "Databases", "{75898CAA-8889-42A9-9062-422EC1FD2004}"
EndProject
Project("{2150E333-8FDC-42A3-9474-1A3956D46DE8}") = "Scripting", "Scripting", "{299663D1-E19F-4B5B-9469-0185389FD67C}"
EndProject
Project("{2150E333-8FDC-42A3-9474-1A3956D46DE8}") = "Random", "Random", "{D5B8BAD3-4F1E-4167-8189-2E3682E60010}"
EndProject
Project("{9A19103F-16F7-4668-BE54-9A1E7A4F7556}") = "TestApplications.Redis", "TestApplications.Redis\TestApplications.Redis.csproj", "{6447C2C5-569D-4331-9A0B-511B1DF561B1}"
EndProject
Project("{9A19103F-16F7-4668-BE54-9A1E7A4F7556}") = "ILMapper", "ILMapper\ILMapper.csproj", "{FDF89618-90A7-41E7-8919-29042EB09363}"
EndProject
Project("{9A19103F-16F7-4668-BE54-9A1E7A4F7556}") = "IpBroadCastTest", "Random\IpBroadCastTest\IpBroadCastTest.csproj", "{43070F60-0796-4D90-AC4C-55C8F4791109}"
EndProject
Project("{9A19103F-16F7-4668-BE54-9A1E7A4F7556}") = "StringTesting", "StringTesting\StringTesting.csproj", "{DA5F7671-0E59-44CD-B902-AC1A88D23834}"
EndProject
Project("{9A19103F-16F7-4668-BE54-9A1E7A4F7556}") = "FindMacAddresses", "FindMacAddresses\FindMacAddresses.csproj", "{474F3091-20EF-4184-8D88-02A8E9581DE0}"
EndProject
Project("{9A19103F-16F7-4668-BE54-9A1E7A4F7556}") = "ASCII", "ASCII\ASCII.csproj", "{BA9105B9-DBD2-4767-9341-ACE0022C2ED7}"
EndProject
Project("{9A19103F-16F7-4668-BE54-9A1E7A4F7556}") = "TestingDynamics", "TestingDynamics\TestingDynamics.csproj", "{0763FB2D-B3A9-4104-B2BC-422F8006B4F2}"
EndProject
Project("{9A19103F-16F7-4668-BE54-9A1E7A4F7556}") = "TestingSymVer", "TestingSymVer\TestingSymVer.csproj", "{932AC380-C822-4D40-83D5-00D2AD3B8A79}"
EndProject
Project("{9A19103F-16F7-4668-BE54-9A1E7A4F7556}") = "TestingFlatFiles", "TestingFlatFiles\TestingFlatFiles.csproj", "{A1B63E6A-D50F-4FF3-9761-FB5EC2121130}"
EndProject
Project("{9A19103F-16F7-4668-BE54-9A1E7A4F7556}") = "PasswordEncoding", "PasswordEncoding\PasswordEncoding.csproj", "{F055B0DF-EFE1-4D94-9CBE-D92711A93212}"
EndProject
Project("{9A19103F-16F7-4668-BE54-9A1E7A4F7556}") = "PasswordEncodingTests", "PasswordEncodingTests\PasswordEncodingTests.csproj", "{2B87D012-FAB4-49C0-89CD-0B8F6BFE3598}"
EndProject
Project("{2150E333-8FDC-42A3-9474-1A3956D46DE8}") = "Tests", "Tests", "{7E70268A-4642-4B08-A9AF-F8C5697CB719}"
EndProject
Project("{9A19103F-16F7-4668-BE54-9A1E7A4F7556}") = "RangeExtraction", "RangeExtraction\RangeExtraction.csproj", "{592FE280-BB7D-4ECE-98CD-5E0F2D4E5043}"
EndProject
Project("{9A19103F-16F7-4668-BE54-9A1E7A4F7556}") = "NewtonSoftJsonConverterTest", "NewtonSoftJsonConverterTest\NewtonSoftJsonConverterTest.csproj", "{7905916A-6A76-46D4-A299-3BCB08C1248E}"
EndProject
Project("{9A19103F-16F7-4668-BE54-9A1E7A4F7556}") = "ApplicationTests", "ApplicationTests\ApplicationTests.csproj", "{40A61BF3-1A1B-4B57-B63E-206A62FF40E1}"
EndProject
Project("{9A19103F-16F7-4668-BE54-9A1E7A4F7556}") = "XMLStuffs", "XMLStuffs\XMLStuffs.csproj", "{762019B7-B1DD-41DF-B401-C14FC3746AF6}"
EndProject
Project("{2150E333-8FDC-42A3-9474-1A3956D46DE8}") = "Solution Items", "Solution Items", "{CF3EBB39-D8F9-4A3F-841B-A0575B990869}"
	ProjectSection(SolutionItems) = preProject
		.dockerignore = .dockerignore
		.gitattributes = .gitattributes
		.gitignore = .gitignore
		.nx-dotnet.rc.json = .nx-dotnet.rc.json
		Directory.Build.props = Directory.Build.props
		Directory.Build.targets = Directory.Build.targets
		nx.json = nx.json
		package.json = package.json
	EndProjectSection
EndProject
Project("{9A19103F-16F7-4668-BE54-9A1E7A4F7556}") = "MatrixMult", "MatrixMult\MatrixMult.csproj", "{4C710586-6407-4340-BAE6-D5DDF0557F90}"
EndProject
Project("{FAE04EC0-301F-11D3-BF4B-00C04F79EFBC}") = "ExcelTest", "Random\ExcelTest\ExcelTest.csproj", "{63924327-1371-4556-9775-53CE5963A4C9}"
EndProject
Global
	GlobalSection(SolutionConfigurationPlatforms) = preSolution
		Debug|Any CPU = Debug|Any CPU
		PostgreSQL|Any CPU = PostgreSQL|Any CPU
		Release|Any CPU = Release|Any CPU
	EndGlobalSection
	GlobalSection(ProjectConfigurationPlatforms) = postSolution
		{B8DB9566-79D5-4769-B2B0-0057BC9EA4E5}.Debug|Any CPU.ActiveCfg = Debug|Any CPU
		{B8DB9566-79D5-4769-B2B0-0057BC9EA4E5}.Debug|Any CPU.Build.0 = Debug|Any CPU
		{B8DB9566-79D5-4769-B2B0-0057BC9EA4E5}.PostgreSQL|Any CPU.ActiveCfg = PostgreSQL|Any CPU
		{B8DB9566-79D5-4769-B2B0-0057BC9EA4E5}.PostgreSQL|Any CPU.Build.0 = PostgreSQL|Any CPU
		{B8DB9566-79D5-4769-B2B0-0057BC9EA4E5}.Release|Any CPU.ActiveCfg = Release|Any CPU
		{B8DB9566-79D5-4769-B2B0-0057BC9EA4E5}.Release|Any CPU.Build.0 = Release|Any CPU
		{BB9FE71E-D9DC-4C60-8548-62843428B21C}.Debug|Any CPU.ActiveCfg = Debug|Any CPU
		{BB9FE71E-D9DC-4C60-8548-62843428B21C}.Debug|Any CPU.Build.0 = Debug|Any CPU
		{BB9FE71E-D9DC-4C60-8548-62843428B21C}.PostgreSQL|Any CPU.ActiveCfg = PostgreSQL|Any CPU
		{BB9FE71E-D9DC-4C60-8548-62843428B21C}.PostgreSQL|Any CPU.Build.0 = PostgreSQL|Any CPU
		{BB9FE71E-D9DC-4C60-8548-62843428B21C}.Release|Any CPU.ActiveCfg = Release|Any CPU
		{BB9FE71E-D9DC-4C60-8548-62843428B21C}.Release|Any CPU.Build.0 = Release|Any CPU
		{15C501CF-C69C-44A1-80D6-28EA56BAC1AA}.Debug|Any CPU.ActiveCfg = Debug|Any CPU
		{15C501CF-C69C-44A1-80D6-28EA56BAC1AA}.Debug|Any CPU.Build.0 = Debug|Any CPU
		{15C501CF-C69C-44A1-80D6-28EA56BAC1AA}.PostgreSQL|Any CPU.ActiveCfg = PostgreSQL|Any CPU
		{15C501CF-C69C-44A1-80D6-28EA56BAC1AA}.PostgreSQL|Any CPU.Build.0 = PostgreSQL|Any CPU
		{15C501CF-C69C-44A1-80D6-28EA56BAC1AA}.Release|Any CPU.ActiveCfg = Release|Any CPU
		{15C501CF-C69C-44A1-80D6-28EA56BAC1AA}.Release|Any CPU.Build.0 = Release|Any CPU
		{12337AC4-EBDE-41DE-97DE-05CCF4618375}.Debug|Any CPU.ActiveCfg = Debug|Any CPU
		{12337AC4-EBDE-41DE-97DE-05CCF4618375}.Debug|Any CPU.Build.0 = Debug|Any CPU
		{12337AC4-EBDE-41DE-97DE-05CCF4618375}.PostgreSQL|Any CPU.ActiveCfg = PostgreSQL|Any CPU
		{12337AC4-EBDE-41DE-97DE-05CCF4618375}.PostgreSQL|Any CPU.Build.0 = PostgreSQL|Any CPU
		{12337AC4-EBDE-41DE-97DE-05CCF4618375}.Release|Any CPU.ActiveCfg = Release|Any CPU
		{12337AC4-EBDE-41DE-97DE-05CCF4618375}.Release|Any CPU.Build.0 = Release|Any CPU
		{6447C2C5-569D-4331-9A0B-511B1DF561B1}.Debug|Any CPU.ActiveCfg = Debug|Any CPU
		{6447C2C5-569D-4331-9A0B-511B1DF561B1}.Debug|Any CPU.Build.0 = Debug|Any CPU
		{6447C2C5-569D-4331-9A0B-511B1DF561B1}.PostgreSQL|Any CPU.ActiveCfg = PostgreSQL|Any CPU
		{6447C2C5-569D-4331-9A0B-511B1DF561B1}.PostgreSQL|Any CPU.Build.0 = PostgreSQL|Any CPU
		{6447C2C5-569D-4331-9A0B-511B1DF561B1}.Release|Any CPU.ActiveCfg = Release|Any CPU
		{6447C2C5-569D-4331-9A0B-511B1DF561B1}.Release|Any CPU.Build.0 = Release|Any CPU
		{FDF89618-90A7-41E7-8919-29042EB09363}.Debug|Any CPU.ActiveCfg = Debug|Any CPU
		{FDF89618-90A7-41E7-8919-29042EB09363}.Debug|Any CPU.Build.0 = Debug|Any CPU
		{FDF89618-90A7-41E7-8919-29042EB09363}.PostgreSQL|Any CPU.ActiveCfg = PostgreSQL|Any CPU
		{FDF89618-90A7-41E7-8919-29042EB09363}.PostgreSQL|Any CPU.Build.0 = PostgreSQL|Any CPU
		{FDF89618-90A7-41E7-8919-29042EB09363}.Release|Any CPU.ActiveCfg = Release|Any CPU
		{FDF89618-90A7-41E7-8919-29042EB09363}.Release|Any CPU.Build.0 = Release|Any CPU
		{43070F60-0796-4D90-AC4C-55C8F4791109}.Debug|Any CPU.ActiveCfg = Debug|Any CPU
		{43070F60-0796-4D90-AC4C-55C8F4791109}.Debug|Any CPU.Build.0 = Debug|Any CPU
		{43070F60-0796-4D90-AC4C-55C8F4791109}.PostgreSQL|Any CPU.ActiveCfg = PostgreSQL|Any CPU
		{43070F60-0796-4D90-AC4C-55C8F4791109}.PostgreSQL|Any CPU.Build.0 = PostgreSQL|Any CPU
		{43070F60-0796-4D90-AC4C-55C8F4791109}.Release|Any CPU.ActiveCfg = Release|Any CPU
		{43070F60-0796-4D90-AC4C-55C8F4791109}.Release|Any CPU.Build.0 = Release|Any CPU
		{DA5F7671-0E59-44CD-B902-AC1A88D23834}.Debug|Any CPU.ActiveCfg = Debug|Any CPU
		{DA5F7671-0E59-44CD-B902-AC1A88D23834}.Debug|Any CPU.Build.0 = Debug|Any CPU
		{DA5F7671-0E59-44CD-B902-AC1A88D23834}.PostgreSQL|Any CPU.ActiveCfg = PostgreSQL|Any CPU
		{DA5F7671-0E59-44CD-B902-AC1A88D23834}.PostgreSQL|Any CPU.Build.0 = PostgreSQL|Any CPU
		{DA5F7671-0E59-44CD-B902-AC1A88D23834}.Release|Any CPU.ActiveCfg = Release|Any CPU
		{DA5F7671-0E59-44CD-B902-AC1A88D23834}.Release|Any CPU.Build.0 = Release|Any CPU
		{474F3091-20EF-4184-8D88-02A8E9581DE0}.Debug|Any CPU.ActiveCfg = Debug|Any CPU
		{474F3091-20EF-4184-8D88-02A8E9581DE0}.Debug|Any CPU.Build.0 = Debug|Any CPU
		{474F3091-20EF-4184-8D88-02A8E9581DE0}.PostgreSQL|Any CPU.ActiveCfg = PostgreSQL|Any CPU
		{474F3091-20EF-4184-8D88-02A8E9581DE0}.PostgreSQL|Any CPU.Build.0 = PostgreSQL|Any CPU
		{474F3091-20EF-4184-8D88-02A8E9581DE0}.Release|Any CPU.ActiveCfg = Release|Any CPU
		{474F3091-20EF-4184-8D88-02A8E9581DE0}.Release|Any CPU.Build.0 = Release|Any CPU
		{BA9105B9-DBD2-4767-9341-ACE0022C2ED7}.Debug|Any CPU.ActiveCfg = Debug|Any CPU
		{BA9105B9-DBD2-4767-9341-ACE0022C2ED7}.Debug|Any CPU.Build.0 = Debug|Any CPU
		{BA9105B9-DBD2-4767-9341-ACE0022C2ED7}.PostgreSQL|Any CPU.ActiveCfg = PostgreSQL|Any CPU
		{BA9105B9-DBD2-4767-9341-ACE0022C2ED7}.PostgreSQL|Any CPU.Build.0 = PostgreSQL|Any CPU
		{BA9105B9-DBD2-4767-9341-ACE0022C2ED7}.Release|Any CPU.ActiveCfg = Release|Any CPU
		{BA9105B9-DBD2-4767-9341-ACE0022C2ED7}.Release|Any CPU.Build.0 = Release|Any CPU
		{0763FB2D-B3A9-4104-B2BC-422F8006B4F2}.Debug|Any CPU.ActiveCfg = Debug|Any CPU
		{0763FB2D-B3A9-4104-B2BC-422F8006B4F2}.Debug|Any CPU.Build.0 = Debug|Any CPU
		{0763FB2D-B3A9-4104-B2BC-422F8006B4F2}.PostgreSQL|Any CPU.ActiveCfg = PostgreSQL|Any CPU
		{0763FB2D-B3A9-4104-B2BC-422F8006B4F2}.PostgreSQL|Any CPU.Build.0 = PostgreSQL|Any CPU
		{0763FB2D-B3A9-4104-B2BC-422F8006B4F2}.Release|Any CPU.ActiveCfg = Release|Any CPU
		{0763FB2D-B3A9-4104-B2BC-422F8006B4F2}.Release|Any CPU.Build.0 = Release|Any CPU
		{932AC380-C822-4D40-83D5-00D2AD3B8A79}.Debug|Any CPU.ActiveCfg = Debug|Any CPU
		{932AC380-C822-4D40-83D5-00D2AD3B8A79}.Debug|Any CPU.Build.0 = Debug|Any CPU
		{932AC380-C822-4D40-83D5-00D2AD3B8A79}.PostgreSQL|Any CPU.ActiveCfg = PostgreSQL|Any CPU
		{932AC380-C822-4D40-83D5-00D2AD3B8A79}.PostgreSQL|Any CPU.Build.0 = PostgreSQL|Any CPU
		{932AC380-C822-4D40-83D5-00D2AD3B8A79}.Release|Any CPU.ActiveCfg = Release|Any CPU
		{932AC380-C822-4D40-83D5-00D2AD3B8A79}.Release|Any CPU.Build.0 = Release|Any CPU
		{A1B63E6A-D50F-4FF3-9761-FB5EC2121130}.Debug|Any CPU.ActiveCfg = Debug|Any CPU
		{A1B63E6A-D50F-4FF3-9761-FB5EC2121130}.Debug|Any CPU.Build.0 = Debug|Any CPU
		{A1B63E6A-D50F-4FF3-9761-FB5EC2121130}.PostgreSQL|Any CPU.ActiveCfg = PostgreSQL|Any CPU
		{A1B63E6A-D50F-4FF3-9761-FB5EC2121130}.PostgreSQL|Any CPU.Build.0 = PostgreSQL|Any CPU
		{A1B63E6A-D50F-4FF3-9761-FB5EC2121130}.Release|Any CPU.ActiveCfg = Release|Any CPU
		{A1B63E6A-D50F-4FF3-9761-FB5EC2121130}.Release|Any CPU.Build.0 = Release|Any CPU
		{F055B0DF-EFE1-4D94-9CBE-D92711A93212}.Debug|Any CPU.ActiveCfg = Debug|Any CPU
		{F055B0DF-EFE1-4D94-9CBE-D92711A93212}.Debug|Any CPU.Build.0 = Debug|Any CPU
		{F055B0DF-EFE1-4D94-9CBE-D92711A93212}.PostgreSQL|Any CPU.ActiveCfg = PostgreSQL|Any CPU
		{F055B0DF-EFE1-4D94-9CBE-D92711A93212}.PostgreSQL|Any CPU.Build.0 = PostgreSQL|Any CPU
		{F055B0DF-EFE1-4D94-9CBE-D92711A93212}.Release|Any CPU.ActiveCfg = Release|Any CPU
		{F055B0DF-EFE1-4D94-9CBE-D92711A93212}.Release|Any CPU.Build.0 = Release|Any CPU
		{2B87D012-FAB4-49C0-89CD-0B8F6BFE3598}.Debug|Any CPU.ActiveCfg = Debug|Any CPU
		{2B87D012-FAB4-49C0-89CD-0B8F6BFE3598}.Debug|Any CPU.Build.0 = Debug|Any CPU
		{2B87D012-FAB4-49C0-89CD-0B8F6BFE3598}.PostgreSQL|Any CPU.ActiveCfg = PostgreSQL|Any CPU
		{2B87D012-FAB4-49C0-89CD-0B8F6BFE3598}.PostgreSQL|Any CPU.Build.0 = PostgreSQL|Any CPU
		{2B87D012-FAB4-49C0-89CD-0B8F6BFE3598}.Release|Any CPU.ActiveCfg = Release|Any CPU
		{2B87D012-FAB4-49C0-89CD-0B8F6BFE3598}.Release|Any CPU.Build.0 = Release|Any CPU
		{592FE280-BB7D-4ECE-98CD-5E0F2D4E5043}.Debug|Any CPU.ActiveCfg = Debug|Any CPU
		{592FE280-BB7D-4ECE-98CD-5E0F2D4E5043}.Debug|Any CPU.Build.0 = Debug|Any CPU
		{592FE280-BB7D-4ECE-98CD-5E0F2D4E5043}.PostgreSQL|Any CPU.ActiveCfg = PostgreSQL|Any CPU
		{592FE280-BB7D-4ECE-98CD-5E0F2D4E5043}.PostgreSQL|Any CPU.Build.0 = PostgreSQL|Any CPU
		{592FE280-BB7D-4ECE-98CD-5E0F2D4E5043}.Release|Any CPU.ActiveCfg = Release|Any CPU
		{592FE280-BB7D-4ECE-98CD-5E0F2D4E5043}.Release|Any CPU.Build.0 = Release|Any CPU
		{7905916A-6A76-46D4-A299-3BCB08C1248E}.Debug|Any CPU.ActiveCfg = Debug|Any CPU
		{7905916A-6A76-46D4-A299-3BCB08C1248E}.Debug|Any CPU.Build.0 = Debug|Any CPU
		{7905916A-6A76-46D4-A299-3BCB08C1248E}.PostgreSQL|Any CPU.ActiveCfg = PostgreSQL|Any CPU
		{7905916A-6A76-46D4-A299-3BCB08C1248E}.PostgreSQL|Any CPU.Build.0 = PostgreSQL|Any CPU
		{7905916A-6A76-46D4-A299-3BCB08C1248E}.Release|Any CPU.ActiveCfg = Release|Any CPU
		{7905916A-6A76-46D4-A299-3BCB08C1248E}.Release|Any CPU.Build.0 = Release|Any CPU
		{40A61BF3-1A1B-4B57-B63E-206A62FF40E1}.Debug|Any CPU.ActiveCfg = Debug|Any CPU
		{40A61BF3-1A1B-4B57-B63E-206A62FF40E1}.Debug|Any CPU.Build.0 = Debug|Any CPU
		{40A61BF3-1A1B-4B57-B63E-206A62FF40E1}.PostgreSQL|Any CPU.ActiveCfg = PostgreSQL|Any CPU
		{40A61BF3-1A1B-4B57-B63E-206A62FF40E1}.PostgreSQL|Any CPU.Build.0 = PostgreSQL|Any CPU
		{40A61BF3-1A1B-4B57-B63E-206A62FF40E1}.Release|Any CPU.ActiveCfg = Release|Any CPU
		{40A61BF3-1A1B-4B57-B63E-206A62FF40E1}.Release|Any CPU.Build.0 = Release|Any CPU
		{762019B7-B1DD-41DF-B401-C14FC3746AF6}.Debug|Any CPU.ActiveCfg = Debug|Any CPU
		{762019B7-B1DD-41DF-B401-C14FC3746AF6}.Debug|Any CPU.Build.0 = Debug|Any CPU
		{762019B7-B1DD-41DF-B401-C14FC3746AF6}.PostgreSQL|Any CPU.ActiveCfg = Debug|Any CPU
		{762019B7-B1DD-41DF-B401-C14FC3746AF6}.PostgreSQL|Any CPU.Build.0 = Debug|Any CPU
		{762019B7-B1DD-41DF-B401-C14FC3746AF6}.Release|Any CPU.ActiveCfg = Release|Any CPU
		{762019B7-B1DD-41DF-B401-C14FC3746AF6}.Release|Any CPU.Build.0 = Release|Any CPU
		{4C710586-6407-4340-BAE6-D5DDF0557F90}.Debug|Any CPU.ActiveCfg = Debug|Any CPU
		{4C710586-6407-4340-BAE6-D5DDF0557F90}.Debug|Any CPU.Build.0 = Debug|Any CPU
		{4C710586-6407-4340-BAE6-D5DDF0557F90}.PostgreSQL|Any CPU.ActiveCfg = Debug|Any CPU
		{4C710586-6407-4340-BAE6-D5DDF0557F90}.PostgreSQL|Any CPU.Build.0 = Debug|Any CPU
		{4C710586-6407-4340-BAE6-D5DDF0557F90}.Release|Any CPU.ActiveCfg = Release|Any CPU
		{4C710586-6407-4340-BAE6-D5DDF0557F90}.Release|Any CPU.Build.0 = Release|Any CPU
		{63924327-1371-4556-9775-53CE5963A4C9}.Debug|Any CPU.ActiveCfg = Debug|Any CPU
		{63924327-1371-4556-9775-53CE5963A4C9}.Debug|Any CPU.Build.0 = Debug|Any CPU
		{63924327-1371-4556-9775-53CE5963A4C9}.PostgreSQL|Any CPU.ActiveCfg = Debug|Any CPU
		{63924327-1371-4556-9775-53CE5963A4C9}.PostgreSQL|Any CPU.Build.0 = Debug|Any CPU
		{63924327-1371-4556-9775-53CE5963A4C9}.Release|Any CPU.ActiveCfg = Release|Any CPU
		{63924327-1371-4556-9775-53CE5963A4C9}.Release|Any CPU.Build.0 = Release|Any CPU
	EndGlobalSection
	GlobalSection(SolutionProperties) = preSolution
		HideSolutionNode = FALSE
	EndGlobalSection
	GlobalSection(NestedProjects) = preSolution
		{B8DB9566-79D5-4769-B2B0-0057BC9EA4E5} = {299663D1-E19F-4B5B-9469-0185389FD67C}
		{BB9FE71E-D9DC-4C60-8548-62843428B21C} = {D5B8BAD3-4F1E-4167-8189-2E3682E60010}
		{15C501CF-C69C-44A1-80D6-28EA56BAC1AA} = {75898CAA-8889-42A9-9062-422EC1FD2004}
		{12337AC4-EBDE-41DE-97DE-05CCF4618375} = {75898CAA-8889-42A9-9062-422EC1FD2004}
		{FDF89618-90A7-41E7-8919-29042EB09363} = {D5B8BAD3-4F1E-4167-8189-2E3682E60010}
		{43070F60-0796-4D90-AC4C-55C8F4791109} = {D5B8BAD3-4F1E-4167-8189-2E3682E60010}
		{DA5F7671-0E59-44CD-B902-AC1A88D23834} = {D5B8BAD3-4F1E-4167-8189-2E3682E60010}
		{474F3091-20EF-4184-8D88-02A8E9581DE0} = {D5B8BAD3-4F1E-4167-8189-2E3682E60010}
		{BA9105B9-DBD2-4767-9341-ACE0022C2ED7} = {D5B8BAD3-4F1E-4167-8189-2E3682E60010}
		{0763FB2D-B3A9-4104-B2BC-422F8006B4F2} = {D5B8BAD3-4F1E-4167-8189-2E3682E60010}
		{932AC380-C822-4D40-83D5-00D2AD3B8A79} = {D5B8BAD3-4F1E-4167-8189-2E3682E60010}
		{A1B63E6A-D50F-4FF3-9761-FB5EC2121130} = {D5B8BAD3-4F1E-4167-8189-2E3682E60010}
		{F055B0DF-EFE1-4D94-9CBE-D92711A93212} = {D5B8BAD3-4F1E-4167-8189-2E3682E60010}
		{2B87D012-FAB4-49C0-89CD-0B8F6BFE3598} = {7E70268A-4642-4B08-A9AF-F8C5697CB719}
		{592FE280-BB7D-4ECE-98CD-5E0F2D4E5043} = {D5B8BAD3-4F1E-4167-8189-2E3682E60010}
		{7905916A-6A76-46D4-A299-3BCB08C1248E} = {D5B8BAD3-4F1E-4167-8189-2E3682E60010}
		{40A61BF3-1A1B-4B57-B63E-206A62FF40E1} = {7E70268A-4642-4B08-A9AF-F8C5697CB719}
		{762019B7-B1DD-41DF-B401-C14FC3746AF6} = {D5B8BAD3-4F1E-4167-8189-2E3682E60010}
		{4C710586-6407-4340-BAE6-D5DDF0557F90} = {D5B8BAD3-4F1E-4167-8189-2E3682E60010}
		{63924327-1371-4556-9775-53CE5963A4C9} = {D5B8BAD3-4F1E-4167-8189-2E3682E60010}
	EndGlobalSection
	GlobalSection(ExtensibilityGlobals) = postSolution
		SolutionGuid = {5D00640A-BF0F-458F-B5D5-2E8F193DED4A}
	EndGlobalSection
EndGlobal
